// !$*UTF8*$!
{
	archiveVersion = 1;
	classes = {
	};
	objectVersion = 46;
	objects = {

/* Begin PBXBuildFile section */
		11CE5B68D7CB7B0E15CA5D83 /* libPods.a in Frameworks */ = {isa = PBXBuildFile; fileRef = A92BEDC87722CBF7EB7842B6 /* libPods.a */; };
		65BECFD71ACAE20D00C1469C /* AppDelegate.swift in Sources */ = {isa = PBXBuildFile; fileRef = 65BECFD61ACAE20D00C1469C /* AppDelegate.swift */; };
		65BECFD91ACAE20D00C1469C /* ViewController.swift in Sources */ = {isa = PBXBuildFile; fileRef = 65BECFD81ACAE20D00C1469C /* ViewController.swift */; };
		65BECFDE1ACAE20D00C1469C /* Images.xcassets in Resources */ = {isa = PBXBuildFile; fileRef = 65BECFDD1ACAE20D00C1469C /* Images.xcassets */; };
		65BECFE11ACAE20D00C1469C /* LaunchScreen.xib in Resources */ = {isa = PBXBuildFile; fileRef = 65BECFDF1ACAE20D00C1469C /* LaunchScreen.xib */; };
		65BECFED1ACAE20D00C1469C /* UniLogTests.swift in Sources */ = {isa = PBXBuildFile; fileRef = 65BECFEC1ACAE20D00C1469C /* UniLogTests.swift */; };
		E93EE2231ACAF0BF00A90A7C /* SwiftyJSON.swift in Sources */ = {isa = PBXBuildFile; fileRef = E93EE2221ACAF0BF00A90A7C /* SwiftyJSON.swift */; };
		E93EE2271ACAF14A00A90A7C /* Alamofire.framework in Copy Frameworks */ = {isa = PBXBuildFile; fileRef = E93EE21B1ACAF01300A90A7C /* Alamofire.framework */; settings = {ATTRIBUTES = (CodeSignOnCopy, RemoveHeadersOnCopy, ); }; };
		E93EE2291ACAF3C100A90A7C /* Login.storyboard in Resources */ = {isa = PBXBuildFile; fileRef = E93EE2281ACAF3C100A90A7C /* Login.storyboard */; };
		E94752451AD31E8600F13ACF /* SocialConnection.swift in Sources */ = {isa = PBXBuildFile; fileRef = E94752441AD31E8600F13ACF /* SocialConnection.swift */; };
/* End PBXBuildFile section */

/* Begin PBXContainerItemProxy section */
		65BECFE71ACAE20D00C1469C /* PBXContainerItemProxy */ = {
			isa = PBXContainerItemProxy;
			containerPortal = 65BECFC91ACAE20C00C1469C /* Project object */;
			proxyType = 1;
			remoteGlobalIDString = 65BECFD01ACAE20D00C1469C;
			remoteInfo = UniLog;
		};
		E93EE21A1ACAF01300A90A7C /* PBXContainerItemProxy */ = {
			isa = PBXContainerItemProxy;
			containerPortal = E93EE2151ACAF01300A90A7C /* Alamofire.xcodeproj */;
			proxyType = 2;
			remoteGlobalIDString = F8111E3319A95C8B0040E7D1;
			remoteInfo = Alamofire;
		};
		E93EE21C1ACAF01300A90A7C /* PBXContainerItemProxy */ = {
			isa = PBXContainerItemProxy;
			containerPortal = E93EE2151ACAF01300A90A7C /* Alamofire.xcodeproj */;
			proxyType = 2;
			remoteGlobalIDString = F8111E3E19A95C8B0040E7D1;
			remoteInfo = AlamofireTests;
		};
		E93EE2241ACAF0E600A90A7C /* PBXContainerItemProxy */ = {
			isa = PBXContainerItemProxy;
			containerPortal = E93EE2151ACAF01300A90A7C /* Alamofire.xcodeproj */;
			proxyType = 1;
			remoteGlobalIDString = F8111E3219A95C8B0040E7D1;
			remoteInfo = Alamofire;
		};
/* End PBXContainerItemProxy section */

/* Begin PBXCopyFilesBuildPhase section */
		E93EE2261ACAF13100A90A7C /* Copy Frameworks */ = {
			isa = PBXCopyFilesBuildPhase;
			buildActionMask = 2147483647;
			dstPath = "";
			dstSubfolderSpec = 10;
			files = (
				E93EE2271ACAF14A00A90A7C /* Alamofire.framework in Copy Frameworks */,
			);
			name = "Copy Frameworks";
			runOnlyForDeploymentPostprocessing = 0;
		};
/* End PBXCopyFilesBuildPhase section */

/* Begin PBXFileReference section */
		65BECFD11ACAE20D00C1469C /* UniLog.app */ = {isa = PBXFileReference; explicitFileType = wrapper.application; includeInIndex = 0; path = UniLog.app; sourceTree = BUILT_PRODUCTS_DIR; };
		65BECFD51ACAE20D00C1469C /* Info.plist */ = {isa = PBXFileReference; lastKnownFileType = text.plist.xml; path = Info.plist; sourceTree = "<group>"; };
		65BECFD61ACAE20D00C1469C /* AppDelegate.swift */ = {isa = PBXFileReference; lastKnownFileType = sourcecode.swift; path = AppDelegate.swift; sourceTree = "<group>"; };
		65BECFD81ACAE20D00C1469C /* ViewController.swift */ = {isa = PBXFileReference; lastKnownFileType = sourcecode.swift; path = ViewController.swift; sourceTree = "<group>"; };
		65BECFDD1ACAE20D00C1469C /* Images.xcassets */ = {isa = PBXFileReference; lastKnownFileType = folder.assetcatalog; path = Images.xcassets; sourceTree = "<group>"; };
		65BECFE01ACAE20D00C1469C /* Base */ = {isa = PBXFileReference; lastKnownFileType = file.xib; name = Base; path = Base.lproj/LaunchScreen.xib; sourceTree = "<group>"; };
		65BECFE61ACAE20D00C1469C /* UniLogTests.xctest */ = {isa = PBXFileReference; explicitFileType = wrapper.cfbundle; includeInIndex = 0; path = UniLogTests.xctest; sourceTree = BUILT_PRODUCTS_DIR; };
		65BECFEB1ACAE20D00C1469C /* Info.plist */ = {isa = PBXFileReference; lastKnownFileType = text.plist.xml; path = Info.plist; sourceTree = "<group>"; };
		65BECFEC1ACAE20D00C1469C /* UniLogTests.swift */ = {isa = PBXFileReference; lastKnownFileType = sourcecode.swift; path = UniLogTests.swift; sourceTree = "<group>"; };
		8B0619F5C7D50ABB12A506CC /* Pods.release.xcconfig */ = {isa = PBXFileReference; includeInIndex = 1; lastKnownFileType = text.xcconfig; name = Pods.release.xcconfig; path = "Pods/Target Support Files/Pods/Pods.release.xcconfig"; sourceTree = "<group>"; };
		A92BEDC87722CBF7EB7842B6 /* libPods.a */ = {isa = PBXFileReference; explicitFileType = archive.ar; includeInIndex = 0; path = libPods.a; sourceTree = BUILT_PRODUCTS_DIR; };
		E93EE2151ACAF01300A90A7C /* Alamofire.xcodeproj */ = {isa = PBXFileReference; lastKnownFileType = "wrapper.pb-project"; name = Alamofire.xcodeproj; path = "UniLog/Alamofire-master/Alamofire.xcodeproj"; sourceTree = "<group>"; };
		E93EE2221ACAF0BF00A90A7C /* SwiftyJSON.swift */ = {isa = PBXFileReference; fileEncoding = 4; lastKnownFileType = sourcecode.swift; path = SwiftyJSON.swift; sourceTree = "<group>"; };
		E93EE2281ACAF3C100A90A7C /* Login.storyboard */ = {isa = PBXFileReference; fileEncoding = 4; lastKnownFileType = file.storyboard; path = Login.storyboard; sourceTree = "<group>"; };
		E94752401AD31B9200F13ACF /* UniLog-Bridging-Header.h */ = {isa = PBXFileReference; lastKnownFileType = sourcecode.c.h; name = "UniLog-Bridging-Header.h"; path = "../ViewController/UniLog-Bridging-Header.h"; sourceTree = "<group>"; };
		E94752441AD31E8600F13ACF /* SocialConnection.swift */ = {isa = PBXFileReference; fileEncoding = 4; lastKnownFileType = sourcecode.swift; name = SocialConnection.swift; path = UniLog/Classes/Model/SocialConnection.swift; sourceTree = SOURCE_ROOT; };
		FDE1B5FDC078F48AB4F45832 /* Pods.debug.xcconfig */ = {isa = PBXFileReference; includeInIndex = 1; lastKnownFileType = text.xcconfig; name = Pods.debug.xcconfig; path = "Pods/Target Support Files/Pods/Pods.debug.xcconfig"; sourceTree = "<group>"; };
/* End PBXFileReference section */

/* Begin PBXFrameworksBuildPhase section */
		65BECFCE1ACAE20D00C1469C /* Frameworks */ = {
			isa = PBXFrameworksBuildPhase;
			buildActionMask = 2147483647;
			files = (
				11CE5B68D7CB7B0E15CA5D83 /* libPods.a in Frameworks */,
			);
			runOnlyForDeploymentPostprocessing = 0;
		};
		65BECFE31ACAE20D00C1469C /* Frameworks */ = {
			isa = PBXFrameworksBuildPhase;
			buildActionMask = 2147483647;
			files = (
			);
			runOnlyForDeploymentPostprocessing = 0;
		};
/* End PBXFrameworksBuildPhase section */

/* Begin PBXGroup section */
		47F36B2DBC6468694054290F /* Frameworks */ = {
			isa = PBXGroup;
			children = (
				A92BEDC87722CBF7EB7842B6 /* libPods.a */,
			);
			name = Frameworks;
			sourceTree = "<group>";
		};
		65BECFC81ACAE20C00C1469C = {
			isa = PBXGroup;
			children = (
				E93EE2151ACAF01300A90A7C /* Alamofire.xcodeproj */,
				65BECFD31ACAE20D00C1469C /* UniLog */,
				65BECFE91ACAE20D00C1469C /* UniLogTests */,
				65BECFD21ACAE20D00C1469C /* Products */,
				CD7F04EF72FAE8C37C9AD677 /* Pods */,
				47F36B2DBC6468694054290F /* Frameworks */,
			);
			sourceTree = "<group>";
		};
		65BECFD21ACAE20D00C1469C /* Products */ = {
			isa = PBXGroup;
			children = (
				65BECFD11ACAE20D00C1469C /* UniLog.app */,
				65BECFE61ACAE20D00C1469C /* UniLogTests.xctest */,
			);
			name = Products;
			sourceTree = "<group>";
		};
		65BECFD31ACAE20D00C1469C /* UniLog */ = {
			isa = PBXGroup;
			children = (
				E93EE2111ACAEF9300A90A7C /* Classes */,
				65BECFD61ACAE20D00C1469C /* AppDelegate.swift */,
				65BECFDD1ACAE20D00C1469C /* Images.xcassets */,
				65BECFDF1ACAE20D00C1469C /* LaunchScreen.xib */,
				65BECFD41ACAE20D00C1469C /* Supporting Files */,
			);
			path = UniLog;
			sourceTree = "<group>";
		};
		65BECFD41ACAE20D00C1469C /* Supporting Files */ = {
			isa = PBXGroup;
			children = (
				65BECFD51ACAE20D00C1469C /* Info.plist */,
			);
			name = "Supporting Files";
			sourceTree = "<group>";
		};
		65BECFE91ACAE20D00C1469C /* UniLogTests */ = {
			isa = PBXGroup;
			children = (
				65BECFEC1ACAE20D00C1469C /* UniLogTests.swift */,
				65BECFEA1ACAE20D00C1469C /* Supporting Files */,
			);
			path = UniLogTests;
			sourceTree = "<group>";
		};
		65BECFEA1ACAE20D00C1469C /* Supporting Files */ = {
			isa = PBXGroup;
			children = (
				65BECFEB1ACAE20D00C1469C /* Info.plist */,
			);
			name = "Supporting Files";
			sourceTree = "<group>";
		};
		CD7F04EF72FAE8C37C9AD677 /* Pods */ = {
			isa = PBXGroup;
			children = (
				FDE1B5FDC078F48AB4F45832 /* Pods.debug.xcconfig */,
				8B0619F5C7D50ABB12A506CC /* Pods.release.xcconfig */,
			);
			name = Pods;
			sourceTree = "<group>";
		};
		E93EE2111ACAEF9300A90A7C /* Classes */ = {
			isa = PBXGroup;
			children = (
				E93EE2211ACAF0AC00A90A7C /* DataHelper */,
				E93EE2201ACAF05500A90A7C /* View */,
				E93EE21F1ACAF03D00A90A7C /* Model */,
				E93EE21E1ACAF02E00A90A7C /* ViewController */,
			);
			path = Classes;
			sourceTree = "<group>";
		};
		E93EE2161ACAF01300A90A7C /* Products */ = {
			isa = PBXGroup;
			children = (
				E93EE21B1ACAF01300A90A7C /* Alamofire.framework */,
				E93EE21D1ACAF01300A90A7C /* AlamofireTests.xctest */,
			);
			name = Products;
			sourceTree = "<group>";
		};
		E93EE21E1ACAF02E00A90A7C /* ViewController */ = {
			isa = PBXGroup;
			children = (
				65BECFD81ACAE20D00C1469C /* ViewController.swift */,
			);
			path = ViewController;
			sourceTree = "<group>";
		};
		E93EE21F1ACAF03D00A90A7C /* Model */ = {
			isa = PBXGroup;
			children = (
				E94752441AD31E8600F13ACF /* SocialConnection.swift */,
			);
			path = Model;
			sourceTree = "<group>";
		};
		E93EE2201ACAF05500A90A7C /* View */ = {
			isa = PBXGroup;
			children = (
				E93EE2281ACAF3C100A90A7C /* Login.storyboard */,
			);
			path = View;
			sourceTree = "<group>";
		};
		E93EE2211ACAF0AC00A90A7C /* DataHelper */ = {
			isa = PBXGroup;
			children = (
				E94752401AD31B9200F13ACF /* UniLog-Bridging-Header.h */,
				E93EE2221ACAF0BF00A90A7C /* SwiftyJSON.swift */,
			);
			path = DataHelper;
			sourceTree = "<group>";
		};
/* End PBXGroup section */

/* Begin PBXNativeTarget section */
		65BECFD01ACAE20D00C1469C /* UniLog */ = {
			isa = PBXNativeTarget;
			buildConfigurationList = 65BECFF01ACAE20D00C1469C /* Build configuration list for PBXNativeTarget "UniLog" */;
			buildPhases = (
				C1972F87B0CBE94D1093395D /* Check Pods Manifest.lock */,
				65BECFCD1ACAE20D00C1469C /* Sources */,
				65BECFCE1ACAE20D00C1469C /* Frameworks */,
				65BECFCF1ACAE20D00C1469C /* Resources */,
				E93EE2261ACAF13100A90A7C /* Copy Frameworks */,
				9D59914513F7B2C14F43AF10 /* Copy Pods Resources */,
			);
			buildRules = (
			);
			dependencies = (
				E93EE2251ACAF0E600A90A7C /* PBXTargetDependency */,
			);
			name = UniLog;
			productName = UniLog;
			productReference = 65BECFD11ACAE20D00C1469C /* UniLog.app */;
			productType = "com.apple.product-type.application";
		};
		65BECFE51ACAE20D00C1469C /* UniLogTests */ = {
			isa = PBXNativeTarget;
			buildConfigurationList = 65BECFF31ACAE20D00C1469C /* Build configuration list for PBXNativeTarget "UniLogTests" */;
			buildPhases = (
				65BECFE21ACAE20D00C1469C /* Sources */,
				65BECFE31ACAE20D00C1469C /* Frameworks */,
				65BECFE41ACAE20D00C1469C /* Resources */,
			);
			buildRules = (
			);
			dependencies = (
				65BECFE81ACAE20D00C1469C /* PBXTargetDependency */,
			);
			name = UniLogTests;
			productName = UniLogTests;
			productReference = 65BECFE61ACAE20D00C1469C /* UniLogTests.xctest */;
			productType = "com.apple.product-type.bundle.unit-test";
		};
/* End PBXNativeTarget section */

/* Begin PBXProject section */
		65BECFC91ACAE20C00C1469C /* Project object */ = {
			isa = PBXProject;
			attributes = {
				LastUpgradeCheck = 0620;
				ORGANIZATIONNAME = uppersky;
				TargetAttributes = {
					65BECFD01ACAE20D00C1469C = {
						CreatedOnToolsVersion = 6.2;
					};
					65BECFE51ACAE20D00C1469C = {
						CreatedOnToolsVersion = 6.2;
						TestTargetID = 65BECFD01ACAE20D00C1469C;
					};
				};
			};
			buildConfigurationList = 65BECFCC1ACAE20D00C1469C /* Build configuration list for PBXProject "UniLog" */;
			compatibilityVersion = "Xcode 3.2";
			developmentRegion = English;
			hasScannedForEncodings = 0;
			knownRegions = (
				en,
				Base,
			);
			mainGroup = 65BECFC81ACAE20C00C1469C;
			productRefGroup = 65BECFD21ACAE20D00C1469C /* Products */;
			projectDirPath = "";
			projectReferences = (
				{
					ProductGroup = E93EE2161ACAF01300A90A7C /* Products */;
					ProjectRef = E93EE2151ACAF01300A90A7C /* Alamofire.xcodeproj */;
				},
			);
			projectRoot = "";
			targets = (
				65BECFD01ACAE20D00C1469C /* UniLog */,
				65BECFE51ACAE20D00C1469C /* UniLogTests */,
			);
		};
/* End PBXProject section */

/* Begin PBXReferenceProxy section */
		E93EE21B1ACAF01300A90A7C /* Alamofire.framework */ = {
			isa = PBXReferenceProxy;
			fileType = wrapper.framework;
			path = Alamofire.framework;
			remoteRef = E93EE21A1ACAF01300A90A7C /* PBXContainerItemProxy */;
			sourceTree = BUILT_PRODUCTS_DIR;
		};
		E93EE21D1ACAF01300A90A7C /* AlamofireTests.xctest */ = {
			isa = PBXReferenceProxy;
			fileType = wrapper.cfbundle;
			path = AlamofireTests.xctest;
			remoteRef = E93EE21C1ACAF01300A90A7C /* PBXContainerItemProxy */;
			sourceTree = BUILT_PRODUCTS_DIR;
		};
/* End PBXReferenceProxy section */

/* Begin PBXResourcesBuildPhase section */
		65BECFCF1ACAE20D00C1469C /* Resources */ = {
			isa = PBXResourcesBuildPhase;
			buildActionMask = 2147483647;
			files = (
				65BECFE11ACAE20D00C1469C /* LaunchScreen.xib in Resources */,
				65BECFDE1ACAE20D00C1469C /* Images.xcassets in Resources */,
				E93EE2291ACAF3C100A90A7C /* Login.storyboard in Resources */,
			);
			runOnlyForDeploymentPostprocessing = 0;
		};
		65BECFE41ACAE20D00C1469C /* Resources */ = {
			isa = PBXResourcesBuildPhase;
			buildActionMask = 2147483647;
			files = (
			);
			runOnlyForDeploymentPostprocessing = 0;
		};
/* End PBXResourcesBuildPhase section */

/* Begin PBXShellScriptBuildPhase section */
		9D59914513F7B2C14F43AF10 /* Copy Pods Resources */ = {
			isa = PBXShellScriptBuildPhase;
			buildActionMask = 2147483647;
			files = (
			);
			inputPaths = (
			);
			name = "Copy Pods Resources";
			outputPaths = (
			);
			runOnlyForDeploymentPostprocessing = 0;
			shellPath = /bin/sh;
			shellScript = "\"${SRCROOT}/Pods/Target Support Files/Pods/Pods-resources.sh\"\n";
			showEnvVarsInLog = 0;
		};
		C1972F87B0CBE94D1093395D /* Check Pods Manifest.lock */ = {
			isa = PBXShellScriptBuildPhase;
			buildActionMask = 2147483647;
			files = (
			);
			inputPaths = (
			);
			name = "Check Pods Manifest.lock";
			outputPaths = (
			);
			runOnlyForDeploymentPostprocessing = 0;
			shellPath = /bin/sh;
			shellScript = "diff \"${PODS_ROOT}/../Podfile.lock\" \"${PODS_ROOT}/Manifest.lock\" > /dev/null\nif [[ $? != 0 ]] ; then\n    cat << EOM\nerror: The sandbox is not in sync with the Podfile.lock. Run 'pod install' or update your CocoaPods installation.\nEOM\n    exit 1\nfi\n";
			showEnvVarsInLog = 0;
		};
/* End PBXShellScriptBuildPhase section */

/* Begin PBXSourcesBuildPhase section */
		65BECFCD1ACAE20D00C1469C /* Sources */ = {
			isa = PBXSourcesBuildPhase;
			buildActionMask = 2147483647;
			files = (
				65BECFD91ACAE20D00C1469C /* ViewController.swift in Sources */,
				E94752451AD31E8600F13ACF /* SocialConnection.swift in Sources */,
				65BECFD71ACAE20D00C1469C /* AppDelegate.swift in Sources */,
				E93EE2231ACAF0BF00A90A7C /* SwiftyJSON.swift in Sources */,
			);
			runOnlyForDeploymentPostprocessing = 0;
		};
		65BECFE21ACAE20D00C1469C /* Sources */ = {
			isa = PBXSourcesBuildPhase;
			buildActionMask = 2147483647;
			files = (
				65BECFED1ACAE20D00C1469C /* UniLogTests.swift in Sources */,
			);
			runOnlyForDeploymentPostprocessing = 0;
		};
/* End PBXSourcesBuildPhase section */

/* Begin PBXTargetDependency section */
		65BECFE81ACAE20D00C1469C /* PBXTargetDependency */ = {
			isa = PBXTargetDependency;
			target = 65BECFD01ACAE20D00C1469C /* UniLog */;
			targetProxy = 65BECFE71ACAE20D00C1469C /* PBXContainerItemProxy */;
		};
		E93EE2251ACAF0E600A90A7C /* PBXTargetDependency */ = {
			isa = PBXTargetDependency;
			name = Alamofire;
			targetProxy = E93EE2241ACAF0E600A90A7C /* PBXContainerItemProxy */;
		};
/* End PBXTargetDependency section */

/* Begin PBXVariantGroup section */
		65BECFDF1ACAE20D00C1469C /* LaunchScreen.xib */ = {
			isa = PBXVariantGroup;
			children = (
				65BECFE01ACAE20D00C1469C /* Base */,
			);
			name = LaunchScreen.xib;
			sourceTree = "<group>";
		};
/* End PBXVariantGroup section */

/* Begin XCBuildConfiguration section */
		65BECFEE1ACAE20D00C1469C /* Debug */ = {
			isa = XCBuildConfiguration;
			buildSettings = {
				ALWAYS_SEARCH_USER_PATHS = NO;
				CLANG_CXX_LANGUAGE_STANDARD = "gnu++0x";
				CLANG_CXX_LIBRARY = "libc++";
				CLANG_ENABLE_MODULES = YES;
				CLANG_ENABLE_OBJC_ARC = YES;
				CLANG_WARN_BOOL_CONVERSION = YES;
				CLANG_WARN_CONSTANT_CONVERSION = YES;
				CLANG_WARN_DIRECT_OBJC_ISA_USAGE = YES_ERROR;
				CLANG_WARN_EMPTY_BODY = YES;
				CLANG_WARN_ENUM_CONVERSION = YES;
				CLANG_WARN_INT_CONVERSION = YES;
				CLANG_WARN_OBJC_ROOT_CLASS = YES_ERROR;
				CLANG_WARN_UNREACHABLE_CODE = YES;
				CLANG_WARN__DUPLICATE_METHOD_MATCH = YES;
				"CODE_SIGN_IDENTITY[sdk=iphoneos*]" = "iPhone Developer";
				COPY_PHASE_STRIP = NO;
				ENABLE_STRICT_OBJC_MSGSEND = YES;
				GCC_C_LANGUAGE_STANDARD = gnu99;
				GCC_DYNAMIC_NO_PIC = NO;
				GCC_OPTIMIZATION_LEVEL = 0;
				GCC_PREPROCESSOR_DEFINITIONS = (
					"DEBUG=1",
					"$(inherited)",
				);
				GCC_SYMBOLS_PRIVATE_EXTERN = NO;
				GCC_WARN_64_TO_32_BIT_CONVERSION = YES;
				GCC_WARN_ABOUT_RETURN_TYPE = YES_ERROR;
				GCC_WARN_UNDECLARED_SELECTOR = YES;
				GCC_WARN_UNINITIALIZED_AUTOS = YES_AGGRESSIVE;
				GCC_WARN_UNUSED_FUNCTION = YES;
				GCC_WARN_UNUSED_VARIABLE = YES;
				IPHONEOS_DEPLOYMENT_TARGET = 8.2;
				MTL_ENABLE_DEBUG_INFO = YES;
				ONLY_ACTIVE_ARCH = YES;
				SDKROOT = iphoneos;
				SWIFT_OPTIMIZATION_LEVEL = "-Onone";
				TARGETED_DEVICE_FAMILY = "1,2";
			};
			name = Debug;
		};
		65BECFEF1ACAE20D00C1469C /* Release */ = {
			isa = XCBuildConfiguration;
			buildSettings = {
				ALWAYS_SEARCH_USER_PATHS = NO;
				CLANG_CXX_LANGUAGE_STANDARD = "gnu++0x";
				CLANG_CXX_LIBRARY = "libc++";
				CLANG_ENABLE_MODULES = YES;
				CLANG_ENABLE_OBJC_ARC = YES;
				CLANG_WARN_BOOL_CONVERSION = YES;
				CLANG_WARN_CONSTANT_CONVERSION = YES;
				CLANG_WARN_DIRECT_OBJC_ISA_USAGE = YES_ERROR;
				CLANG_WARN_EMPTY_BODY = YES;
				CLANG_WARN_ENUM_CONVERSION = YES;
				CLANG_WARN_INT_CONVERSION = YES;
				CLANG_WARN_OBJC_ROOT_CLASS = YES_ERROR;
				CLANG_WARN_UNREACHABLE_CODE = YES;
				CLANG_WARN__DUPLICATE_METHOD_MATCH = YES;
				"CODE_SIGN_IDENTITY[sdk=iphoneos*]" = "iPhone Developer";
				COPY_PHASE_STRIP = NO;
				ENABLE_NS_ASSERTIONS = NO;
				ENABLE_STRICT_OBJC_MSGSEND = YES;
				GCC_C_LANGUAGE_STANDARD = gnu99;
				GCC_WARN_64_TO_32_BIT_CONVERSION = YES;
				GCC_WARN_ABOUT_RETURN_TYPE = YES_ERROR;
				GCC_WARN_UNDECLARED_SELECTOR = YES;
				GCC_WARN_UNINITIALIZED_AUTOS = YES_AGGRESSIVE;
				GCC_WARN_UNUSED_FUNCTION = YES;
				GCC_WARN_UNUSED_VARIABLE = YES;
				IPHONEOS_DEPLOYMENT_TARGET = 8.2;
				MTL_ENABLE_DEBUG_INFO = NO;
				SDKROOT = iphoneos;
				TARGETED_DEVICE_FAMILY = "1,2";
				VALIDATE_PRODUCT = YES;
			};
			name = Release;
		};
		65BECFF11ACAE20D00C1469C /* Debug */ = {
			isa = XCBuildConfiguration;
			baseConfigurationReference = FDE1B5FDC078F48AB4F45832 /* Pods.debug.xcconfig */;
			buildSettings = {
				ASSETCATALOG_COMPILER_APPICON_NAME = AppIcon;
				CLANG_ENABLE_MODULES = YES;
				INFOPLIST_FILE = UniLog/Info.plist;
				LD_RUNPATH_SEARCH_PATHS = "$(inherited) @executable_path/Frameworks";
				PRODUCT_NAME = "$(TARGET_NAME)";
				SWIFT_OBJC_BRIDGING_HEADER = "UniLog/Classes/ViewController/UniLog-Bridging-Header.h";
				SWIFT_OPTIMIZATION_LEVEL = "-Onone";
			};
			name = Debug;
		};
		65BECFF21ACAE20D00C1469C /* Release */ = {
			isa = XCBuildConfiguration;
			baseConfigurationReference = 8B0619F5C7D50ABB12A506CC /* Pods.release.xcconfig */;
			buildSettings = {
				ASSETCATALOG_COMPILER_APPICON_NAME = AppIcon;
				CLANG_ENABLE_MODULES = YES;
				INFOPLIST_FILE = UniLog/Info.plist;
				LD_RUNPATH_SEARCH_PATHS = "$(inherited) @executable_path/Frameworks";
				PRODUCT_NAME = "$(TARGET_NAME)";
				SWIFT_OBJC_BRIDGING_HEADER = "UniLog/Classes/ViewController/UniLog-Bridging-Header.h";
			};
			name = Release;
		};
		65BECFF41ACAE20D00C1469C /* Debug */ = {
			isa = XCBuildConfiguration;
			buildSettings = {
				BUNDLE_LOADER = "$(TEST_HOST)";
				FRAMEWORK_SEARCH_PATHS = (
					"$(SDKROOT)/Developer/Library/Frameworks",
					"$(inherited)",
				);
				GCC_PREPROCESSOR_DEFINITIONS = (
					"DEBUG=1",
					"$(inherited)",
				);
				INFOPLIST_FILE = UniLogTests/Info.plist;
				LD_RUNPATH_SEARCH_PATHS = "$(inherited) @executable_path/Frameworks @loader_path/Frameworks";
				PRODUCT_NAME = "$(TARGET_NAME)";
				TEST_HOST = "$(BUILT_PRODUCTS_DIR)/UniLog.app/UniLog";
			};
			name = Debug;
		};
		65BECFF51ACAE20D00C1469C /* Release */ = {
			isa = XCBuildConfiguration;
			buildSettings = {
				BUNDLE_LOADER = "$(TEST_HOST)";
				FRAMEWORK_SEARCH_PATHS = (
					"$(SDKROOT)/Developer/Library/Frameworks",
					"$(inherited)",
				);
				INFOPLIST_FILE = UniLogTests/Info.plist;
				LD_RUNPATH_SEARCH_PATHS = "$(inherited) @executable_path/Frameworks @loader_path/Frameworks";
				PRODUCT_NAME = "$(TARGET_NAME)";
				TEST_HOST = "$(BUILT_PRODUCTS_DIR)/UniLog.app/UniLog";
			};
			name = Release;
		};
/* End XCBuildConfiguration section */

/* Begin XCConfigurationList section */
		65BECFCC1ACAE20D00C1469C /* Build configuration list for PBXProject "UniLog" */ = {
			isa = XCConfigurationList;
			buildConfigurations = (
				65BECFEE1ACAE20D00C1469C /* Debug */,
				65BECFEF1ACAE20D00C1469C /* Release */,
			);
			defaultConfigurationIsVisible = 0;
			defaultConfigurationName = Release;
		};
		65BECFF01ACAE20D00C1469C /* Build configuration list for PBXNativeTarget "UniLog" */ = {
			isa = XCConfigurationList;
			buildConfigurations = (
				65BECFF11ACAE20D00C1469C /* Debug */,
				65BECFF21ACAE20D00C1469C /* Release */,
			);
			defaultConfigurationIsVisible = 0;
			defaultConfigurationName = Release;
		};
		65BECFF31ACAE20D00C1469C /* Build configuration list for PBXNativeTarget "UniLogTests" */ = {
			isa = XCConfigurationList;
			buildConfigurations = (
				65BECFF41ACAE20D00C1469C /* Debug */,
				65BECFF51ACAE20D00C1469C /* Release */,
			);
			defaultConfigurationIsVisible = 0;
			defaultConfigurationName = Release;
		};
/* End XCConfigurationList section */
	};
	rootObject = 65BECFC91ACAE20C00C1469C /* Project object */;
}
